{
  "lockfileVersion": 1,
  "workspaces": {
    "": {
      "name": "cf-colorthief",
      "dependencies": {
        "@jsquash/avif": "^2.1.1",
        "@jsquash/jpeg": "^1.6.0",
        "@jsquash/png": "^3.1.1",
        "@jsquash/webp": "^1.5.0",
        "@lokesh.dhakar/quantize": "^1.4.0",
      },
      "devDependencies": {
        "@types/bun": "latest",
      },
      "peerDependencies": {
        "typescript": "^5",
      },
    },
  },
  "packages": {
    "@jsquash/avif": ["@jsquash/avif@2.1.1", "", { "dependencies": { "wasm-feature-detect": "^1.2.11" } }, "sha512-LMRxd0fMgfCLtobDh0/sFYJMMiRJTNYSEEWvRDKXlAeZ08t3gI5V+1thIT0XjXJ+SVG7Zug9B0XPyx0Ti5VRNA=="],

    "@jsquash/jpeg": ["@jsquash/jpeg@1.6.0", "", {}, "sha512-zwN46Awh1VM6gXlIcALwb5WzqK5H2e6+Awcs1QP8AvS8ohsK/sbE4esvmH4jhlhW7+CgiUUww66vg0aTnlSIMA=="],

    "@jsquash/png": ["@jsquash/png@3.1.1", "", {}, "sha512-C10pc+0H6j0h8fENOfnGOvkXCmvpSQTDGlfGd0sHphZhPSGTyLjIrHba0FaZZdsKqA/wlmhYicUHb92vfZphaw=="],

    "@jsquash/webp": ["@jsquash/webp@1.5.0", "", { "dependencies": { "wasm-feature-detect": "^1.2.11" } }, "sha512-KggLoj2MnRSfIqTeKe1EmbljTX2vuV7mh79k89PCL1pyqiDULcPM1L47twxXt0hkb68F70bXiL31MxsuoZtKFw=="],

    "@lokesh.dhakar/quantize": ["@lokesh.dhakar/quantize@1.4.0", "", {}, "sha512-+//cqVWKis//t0YH62EDtwaFSPG/CDtYNg4CZmzNmG2d5W17Iu3fuDAdpQXCDHUDrrU9q0veze4A7tPZXlR/mg=="],

    "@types/bun": ["@types/bun@1.2.18", "", { "dependencies": { "bun-types": "1.2.18" } }, "sha512-Xf6RaWVheyemaThV0kUfaAUvCNokFr+bH8Jxp+tTZfx7dAPA8z9ePnP9S9+Vspzuxxx9JRAXhnyccRj3GyCMdQ=="],

    "@types/node": ["@types/node@24.0.14", "", { "dependencies": { "undici-types": "~7.8.0" } }, "sha512-4zXMWD91vBLGRtHK3YbIoFMia+1nqEz72coM42C5ETjnNCa/heoj7NT1G67iAfOqMmcfhuCZ4uNpyz8EjlAejw=="],

    "@types/react": ["@types/react@19.1.8", "", { "dependencies": { "csstype": "^3.0.2" } }, "sha512-AwAfQ2Wa5bCx9WP8nZL2uMZWod7J7/JSplxbTmBQ5ms6QpqNYm672H0Vu9ZVKVngQ+ii4R/byguVEUZQyeg44g=="],

    "bun-types": ["bun-types@1.2.18", "", { "dependencies": { "@types/node": "*" }, "peerDependencies": { "@types/react": "^19" } }, "sha512-04+Eha5NP7Z0A9YgDAzMk5PHR16ZuLVa83b26kH5+cp1qZW4F6FmAURngE7INf4tKOvCE69vYvDEwoNl1tGiWw=="],

    "csstype": ["csstype@3.1.3", "", {}, "sha512-M1uQkMl8rQK/szD0LNhtqxIPLpimGm8sOBwU7lLnCpSbTyY3yeU1Vc7l4KT5zT4s/yOxHH5O7tIuuLOCnLADRw=="],

    "typescript": ["typescript@5.8.3", "", { "bin": { "tsc": "bin/tsc", "tsserver": "bin/tsserver" } }, "sha512-p1diW6TqL9L07nNxvRMM7hMMw4c5XOo/1ibL4aAIGmSAt9slTE1Xgw5KWuof2uTOvCg9BY7ZRi+GaF+7sfgPeQ=="],

    "undici-types": ["undici-types@7.8.0", "", {}, "sha512-9UJ2xGDvQ43tYyVMpuHlsgApydB8ZKfVYTsLDhXkFL/6gfkp+U8xTGdh8pMJv1SpZna0zxG1DwsKZsreLbXBxw=="],

    "wasm-feature-detect": ["wasm-feature-detect@1.8.0", "", {}, "sha512-zksaLKM2fVlnB5jQQDqKXXwYHLQUVH9es+5TOOHwGOVJOCeRBCiPjwSg+3tN2AdTCzjgli4jijCH290kXb/zWQ=="],
  }
}
